{
    "hash": "ba4b5bd8115aa44fd448ff88638083fc",
    "packages": [
        {
            "package": "doctrine/common",
            "version": "2.2.2"
        },
        {
            "package": "doctrine/dbal",
            "version": "2.2.2"
        },
        {
            "package": "doctrine/orm",
            "version": "2.2.2"
        },
        {
            "package": "monolog/monolog",
            "version": "1.1.0"
        },
        {
            "package": "swiftmailer/swiftmailer",
            "version": "v4.1.8"
        },
        {
            "package": "symfony/symfony",
            "version": "v2.0.15"
        },
        {
            "package": "twig/twig",
            "version": "v1.8.3"
        }
    ],
    "packages-dev": null,
    "aliases": [

    ],
    "minimum-stability": "stable",
    "stability-flags": [

    ]
}
